
Microsoft Visual Studio Solution File, Format Version 12.00
# Visual Studio Version 17
VisualStudioVersion = 17.1.32210.238
MinimumVisualStudioVersion = 10.0.40219.1
Project("{FAE04EC0-301F-11D3-BF4B-00C04F79EFBC}") = "Depth3d", "Depth3d\Depth3d.csproj", "{B241018B-9351-4642-B029-18786322F204}"
EndProject
Global
	GlobalSection(SolutionConfigurationPlatforms) = preSolution
		Debug|Any CPU = Debug|Any CPU
		Release|Any CPU = Release|Any CPU
	EndGlobalSection
	GlobalSection(ProjectConfigurationPlatforms) = postSolution
		{B241018B-9351-4642-B029-18786322F204}.Debug|Any CPU.ActiveCfg = Debug|Any CPU
		{B241018B-9351-4642-B029-18786322F204}.Debug|Any CPU.Build.0 = Debug|Any CPU
		{B241018B-9351-4642-B029-18786322F204}.Release|Any CPU.ActiveCfg = Release|Any CPU
		{B241018B-9351-4642-B029-18786322F204}.Release|Any CPU.Build.0 = Release|Any CPU
	EndGlobalSection
	GlobalSection(SolutionProperties) = preSolution
		HideSolutionNode = FALSE
	EndGlobalSection
	GlobalSection(ExtensibilityGlobals) = postSolution
		SolutionGuid = {F2EE0D76-D6AD-4A54-A554-F1C4A23CC7AB}
	EndGlobalSection
EndGlobal
